
Microsoft Visual Studio Solution File, Format Version 12.00
# Visual Studio 15
VisualStudioVersion = 15.0.28307.539
MinimumVisualStudioVersion = 10.0.40219.1
Project("{FAE04EC0-301F-11D3-BF4B-00C04F79EFBC}") = "BusinessManager", "BusinessManager\BusinessManager.csproj", "{2018E84C-11E7-46FC-8B2E-7CF86D756441}"
EndProject
Project("{FAE04EC0-301F-11D3-BF4B-00C04F79EFBC}") = "Interface", "Interface\Interface.csproj", "{BBE13C7C-B4AB-4CA6-A097-A299B46077BB}"
EndProject
Global
	GlobalSection(SolutionConfigurationPlatforms) = preSolution
		Debug|Any CPU = Debug|Any CPU
		Release|Any CPU = Release|Any CPU
	EndGlobalSection
	GlobalSection(ProjectConfigurationPlatforms) = postSolution
		{2018E84C-11E7-46FC-8B2E-7CF86D756441}.Debug|Any CPU.ActiveCfg = Debug|Any CPU
		{2018E84C-11E7-46FC-8B2E-7CF86D756441}.Debug|Any CPU.Build.0 = Debug|Any CPU
		{2018E84C-11E7-46FC-8B2E-7CF86D756441}.Release|Any CPU.ActiveCfg = Release|Any CPU
		{2018E84C-11E7-46FC-8B2E-7CF86D756441}.Release|Any CPU.Build.0 = Release|Any CPU
		{BBE13C7C-B4AB-4CA6-A097-A299B46077BB}.Debug|Any CPU.ActiveCfg = Debug|Any CPU
		{BBE13C7C-B4AB-4CA6-A097-A299B46077BB}.Debug|Any CPU.Build.0 = Debug|Any CPU
		{BBE13C7C-B4AB-4CA6-A097-A299B46077BB}.Release|Any CPU.ActiveCfg = Release|Any CPU
		{BBE13C7C-B4AB-4CA6-A097-A299B46077BB}.Release|Any CPU.Build.0 = Release|Any CPU
	EndGlobalSection
	GlobalSection(SolutionProperties) = preSolution
		HideSolutionNode = FALSE
	EndGlobalSection
	GlobalSection(ExtensibilityGlobals) = postSolution
		SolutionGuid = {160E69AC-B687-46C6-86E8-80E641ED3416}
	EndGlobalSection
EndGlobal
